{
  "name": "trading-alerts",
  "version": "1.0.0",
  "lockfileVersion": 3,
  "requires": true,
  "packages": {
    "": {
      "name": "trading-alerts",
      "version": "1.0.0",
      "dependencies": {
        "tradingview-mcp": "file:../tradingview-mcp"
      },
      "engines": {
        "node": ">=18"
      }
    },
    "../tradingview-mcp": {
      "version": "1.0.0",
      "dependencies": {
        "@modelcontextprotocol/sdk": "^1.12.1",
        "chrome-remote-interface": "^0.33.2"
      },
      "bin": {
        "tv": "src/cli/index.js"
      }
    },
    "node_modules/tradingview-mcp": {
      "resolved": "../tradingview-mcp",
      "link": true
    }
  }
}
